
Microsoft Visual Studio Solution File, Format Version 12.00
# Visual Studio Version 17
VisualStudioVersion = 17.5.33516.290
MinimumVisualStudioVersion = 10.0.40219.1
Project("{8BC9CEB8-8B4A-11D0-8D11-00A0C91BC942}") = "MT_02_06", "MT_02_06.vcxproj", "{07CA101B-00F0-48FA-8C83-B3F72FFFAE5C}"
EndProject
Global
	GlobalSection(SolutionConfigurationPlatforms) = preSolution
		Debug|x64 = Debug|x64
		Release|x64 = Release|x64
	EndGlobalSection
	GlobalSection(ProjectConfigurationPlatforms) = postSolution
		{07CA101B-00F0-48FA-8C83-B3F72FFFAE5C}.Debug|x64.ActiveCfg = Debug|x64
		{07CA101B-00F0-48FA-8C83-B3F72FFFAE5C}.Debug|x64.Build.0 = Debug|x64
		{07CA101B-00F0-48FA-8C83-B3F72FFFAE5C}.Release|x64.ActiveCfg = Release|x64
		{07CA101B-00F0-48FA-8C83-B3F72FFFAE5C}.Release|x64.Build.0 = Release|x64
	EndGlobalSection
	GlobalSection(SolutionProperties) = preSolution
		HideSolutionNode = FALSE
	EndGlobalSection
	GlobalSection(ExtensibilityGlobals) = postSolution
		SolutionGuid = {40A35E07-E5A1-455C-9E5A-35BD1A264D7B}
	EndGlobalSection
EndGlobal
